<?xml version="1.0" encoding="utf-8"?>
<Project ToolsVersion="4.0" xmlns="http://schemas.microsoft.com/developer/msbuild/2003">
  <ItemGroup>
    <ClCompile Include="..\..\common\Mesh.cpp">
      <Filter>common</Filter>
    </ClCompile>
    <ClCompile Include="..\..\common\Model.cpp">
      <Filter>common</Filter>
    </ClCompile>
    <ClCompile Include="..\..\common\Utility.cpp">
      <Filter>common</Filter>
    </ClCompile>
    <ClCompile Include="..\..\sceneViewer\main.cpp">
      <Filter>app</Filter>
    </ClCompile>
    <ClCompile Include="..\..\sceneViewer\sceneViewer.cpp">
      <Filter>app</Filter>
    </ClCompile>
    <ClCompile Include="..\..\common\Camera.cpp">
      <Filter>common</Filter>
    </ClCompile>
    <ClCompile Include="..\..\common\Matrix4.cpp">
      <Filter>common</Filter>
    </ClCompile>
    <ClCompile Include="..\..\common\Scene.cpp">
      <Filter>common</Filter>
    </ClCompile>
    <ClCompile Include="..\..\common\ModelInstance.cpp">
      <Filter>common</Filter>
    </ClCompile>
    <ClCompile Include="..\..\common\Assets.cpp">
      <Filter>common</Filter>
    </ClCompile>
  </ItemGroup>
  <ItemGroup>
    <ClInclude Include="..\..\common\Vec3f.h">
      <Filter>common</Filter>
    </ClInclude>
    <ClInclude Include="..\..\common\Mesh.h">
      <Filter>common</Filter>
    </ClInclude>
    <ClInclude Include="..\..\common\Model.h">
      <Filter>common</Filter>
    </ClInclude>
    <ClInclude Include="..\..\common\Utility.h">
      <Filter>common</Filter>
    </ClInclude>
    <ClInclude Include="..\..\sceneViewer\sceneViewer.h">
      <Filter>app</Filter>
    </ClInclude>
    <ClInclude Include="..\..\common\Camera.h">
      <Filter>common</Filter>
    </ClInclude>
    <ClInclude Include="..\..\common\Matrix4.h">
      <Filter>common</Filter>
    </ClInclude>
    <ClInclude Include="..\..\common\Scene.h">
      <Filter>common</Filter>
    </ClInclude>
    <ClInclude Include="..\..\common\ModelInstance.h">
      <Filter>common</Filter>
    </ClInclude>
    <ClInclude Include="..\..\common\Assets.h">
      <Filter>common</Filter>
    </ClInclude>
    <ClInclude Include="..\..\common\Common.h">
      <Filter>common</Filter>
    </ClInclude>
  </ItemGroup>
  <ItemGroup>
    <Filter Include="common">
      <UniqueIdentifier>{045bf9b7-a3f7-48a2-b48e-df0cdcd6eec9}</UniqueIdentifier>
    </Filter>
    <Filter Include="app">
      <UniqueIdentifier>{f7a77722-4b8f-4159-a826-60b0464704ea}</UniqueIdentifier>
    </Filter>
  </ItemGroup>
</Project>